
Microsoft Visual Studio Solution File, Format Version 12.00
# Visual Studio Version 16
VisualStudioVersion = 16.0.29519.181
MinimumVisualStudioVersion = 10.0.40219.1
Project("{FAE04EC0-301F-11D3-BF4B-00C04F79EFBC}") = "VaaApi", "VaaApi.csproj", "{1772D477-8FBB-4567-9AF4-A41888444B66}"
	ProjectSection(ProjectDependencies) = postProject
		{D064B0A7-DC77-4D4E-9E93-66788572F814} = {D064B0A7-DC77-4D4E-9E93-66788572F814}
	EndProjectSection
EndProject
Project("{FAE04EC0-301F-11D3-BF4B-00C04F79EFBC}") = "Scheduler", "..\Algorithm-2.0-master\Scheduler.csproj", "{8C48265C-A39C-49C4-8ACD-71B6EB5F7980}"
EndProject
Project("{FAE04EC0-301F-11D3-BF4B-00C04F79EFBC}") = "DataGenerator", "..\DataGenerator\DataGenerator.csproj", "{D064B0A7-DC77-4D4E-9E93-66788572F814}"
EndProject
Project("{FAE04EC0-301F-11D3-BF4B-00C04F79EFBC}") = "ApiCore", "ApiCore\ApiCore.csproj", "{6A1FF494-D2F4-4BE7-A731-0E1C3B33908B}"
EndProject
Global
	GlobalSection(SolutionConfigurationPlatforms) = preSolution
		Debug|Any CPU = Debug|Any CPU
		Release|Any CPU = Release|Any CPU
	EndGlobalSection
	GlobalSection(ProjectConfigurationPlatforms) = postSolution
		{1772D477-8FBB-4567-9AF4-A41888444B66}.Debug|Any CPU.ActiveCfg = Debug|Any CPU
		{1772D477-8FBB-4567-9AF4-A41888444B66}.Debug|Any CPU.Build.0 = Debug|Any CPU
		{1772D477-8FBB-4567-9AF4-A41888444B66}.Release|Any CPU.ActiveCfg = Release|Any CPU
		{1772D477-8FBB-4567-9AF4-A41888444B66}.Release|Any CPU.Build.0 = Release|Any CPU
		{8C48265C-A39C-49C4-8ACD-71B6EB5F7980}.Debug|Any CPU.ActiveCfg = Debug|Any CPU
		{8C48265C-A39C-49C4-8ACD-71B6EB5F7980}.Debug|Any CPU.Build.0 = Debug|Any CPU
		{8C48265C-A39C-49C4-8ACD-71B6EB5F7980}.Release|Any CPU.ActiveCfg = Release|Any CPU
		{8C48265C-A39C-49C4-8ACD-71B6EB5F7980}.Release|Any CPU.Build.0 = Release|Any CPU
		{D064B0A7-DC77-4D4E-9E93-66788572F814}.Debug|Any CPU.ActiveCfg = Debug|Any CPU
		{D064B0A7-DC77-4D4E-9E93-66788572F814}.Debug|Any CPU.Build.0 = Debug|Any CPU
		{D064B0A7-DC77-4D4E-9E93-66788572F814}.Release|Any CPU.ActiveCfg = Release|Any CPU
		{D064B0A7-DC77-4D4E-9E93-66788572F814}.Release|Any CPU.Build.0 = Release|Any CPU
		{6A1FF494-D2F4-4BE7-A731-0E1C3B33908B}.Debug|Any CPU.ActiveCfg = Debug|Any CPU
		{6A1FF494-D2F4-4BE7-A731-0E1C3B33908B}.Debug|Any CPU.Build.0 = Debug|Any CPU
		{6A1FF494-D2F4-4BE7-A731-0E1C3B33908B}.Release|Any CPU.ActiveCfg = Release|Any CPU
		{6A1FF494-D2F4-4BE7-A731-0E1C3B33908B}.Release|Any CPU.Build.0 = Release|Any CPU
	EndGlobalSection
	GlobalSection(SolutionProperties) = preSolution
		HideSolutionNode = FALSE
	EndGlobalSection
	GlobalSection(ExtensibilityGlobals) = postSolution
		SolutionGuid = {0BD72C41-4926-4CA4-AF63-A94764B2A2CF}
	EndGlobalSection
EndGlobal
